{
	"name": "patrisika",
	"version": "0.22.2",
	"lockfileVersion": 1,
	"requires": true,
	"dependencies": {
		"patrisika-scopes": {
			"version": "0.12.0",
			"resolved": "https://registry.npmjs.org/patrisika-scopes/-/patrisika-scopes-0.12.0.tgz",
			"integrity": "sha512-rj428KYq5leS75PCDl6iyl91n6/d63yw1ikHYwd1z9UXwWk11Vj2gpTu0CxjLZJJOiFNA01LiX+WMpC5icCKng=="
		}
	}
}
